
Microsoft Visual Studio Solution File, Format Version 12.00
# Visual Studio Version 17
VisualStudioVersion = 17.11.35312.102
MinimumVisualStudioVersion = 10.0.40219.1
Project("{9A19103F-16F7-4668-BE54-9A1E7A4F7556}") = "CildAdoptie", "CildAdoptie\CildAdoptie.csproj", "{29045725-34DC-453E-B4B1-82EBAD0679B4}"
EndProject
Global
	GlobalSection(SolutionConfigurationPlatforms) = preSolution
		Debug|Any CPU = Debug|Any CPU
		Release|Any CPU = Release|Any CPU
	EndGlobalSection
	GlobalSection(ProjectConfigurationPlatforms) = postSolution
		{29045725-34DC-453E-B4B1-82EBAD0679B4}.Debug|Any CPU.ActiveCfg = Debug|Any CPU
		{29045725-34DC-453E-B4B1-82EBAD0679B4}.Debug|Any CPU.Build.0 = Debug|Any CPU
		{29045725-34DC-453E-B4B1-82EBAD0679B4}.Release|Any CPU.ActiveCfg = Release|Any CPU
		{29045725-34DC-453E-B4B1-82EBAD0679B4}.Release|Any CPU.Build.0 = Release|Any CPU
	EndGlobalSection
	GlobalSection(SolutionProperties) = preSolution
		HideSolutionNode = FALSE
	EndGlobalSection
	GlobalSection(ExtensibilityGlobals) = postSolution
		SolutionGuid = {11F2FA0D-63D8-415D-91EF-1F7DE8F88C78}
	EndGlobalSection
EndGlobal
